PODS:
  - Flutter (1.0.0)
  - flutter_tts (0.0.1):
    - Flutter
  - permission_handler_apple (9.3.0):
    - Flutter
  - video_player_pip (0.0.1):
    - Flutter

DEPENDENCIES:
  - Flutter (from `Flutter`)
  - flutter_tts (from `.symlinks/plugins/flutter_tts/ios`)
  - permission_handler_apple (from `.symlinks/plugins/permission_handler_apple/ios`)
  - video_player_pip (from `.symlinks/plugins/video_player_pip/ios`)

EXTERNAL SOURCES:
  Flutter:
    :path: Flutter
  flutter_tts:
    :path: ".symlinks/plugins/flutter_tts/ios"
  permission_handler_apple:
    :path: ".symlinks/plugins/permission_handler_apple/ios"
  video_player_pip:
    :path: ".symlinks/plugins/video_player_pip/ios"

SPEC CHECKSUMS:
  Flutter: cabc95a1d2626b1b06e7179b784ebcf0c0cde467
  flutter_tts: 35ac3c7d42412733e795ea96ad2d7e05d0a75113
  permission_handler_apple: 4ed2196e43d0651e8ff7ca3483a069d469701f2d
  video_player_pip: 0f2b3ac7c567d4ff9643c6d05d3e7f73e5ba59e9

PODFILE CHECKSUM: dbd061bb111a687ef43f1ef55a969f3e9ee075cc

COCOAPODS: 1.16.2
